
Microsoft Visual Studio Solution File, Format Version 12.00
# Visual Studio Version 17
VisualStudioVersion = 17.3.32929.385
MinimumVisualStudioVersion = 10.0.40219.1
Project("{FAE04EC0-301F-11D3-BF4B-00C04F79EFBC}") = "TP02", "TP02.csproj", "{D9C9E5AB-078F-4B56-940A-AE231037AE17}"
EndProject
Global
	GlobalSection(SolutionConfigurationPlatforms) = preSolution
		Debug|Any CPU = Debug|Any CPU
		Release|Any CPU = Release|Any CPU
	EndGlobalSection
	GlobalSection(ProjectConfigurationPlatforms) = postSolution
		{D9C9E5AB-078F-4B56-940A-AE231037AE17}.Debug|Any CPU.ActiveCfg = Debug|Any CPU
		{D9C9E5AB-078F-4B56-940A-AE231037AE17}.Debug|Any CPU.Build.0 = Debug|Any CPU
		{D9C9E5AB-078F-4B56-940A-AE231037AE17}.Release|Any CPU.ActiveCfg = Release|Any CPU
		{D9C9E5AB-078F-4B56-940A-AE231037AE17}.Release|Any CPU.Build.0 = Release|Any CPU
	EndGlobalSection
	GlobalSection(SolutionProperties) = preSolution
		HideSolutionNode = FALSE
	EndGlobalSection
	GlobalSection(ExtensibilityGlobals) = postSolution
		SolutionGuid = {886AD78B-98EE-4AE0-9D9E-D58C58834728}
	EndGlobalSection
EndGlobal
